
Microsoft Visual Studio Solution File, Format Version 12.00
# Visual Studio Version 17
VisualStudioVersion = 17.8.34309.116
MinimumVisualStudioVersion = 10.0.40219.1
Project("{FAE04EC0-301F-11D3-BF4B-00C04F79EFBC}") = "MentoringApp", "MentoringApp\MentoringApp.csproj", "{5A5587DA-C7CF-4876-B374-A81557D95A78}"
EndProject
Global
	GlobalSection(SolutionConfigurationPlatforms) = preSolution
		Debug|Any CPU = Debug|Any CPU
		Release|Any CPU = Release|Any CPU
	EndGlobalSection
	GlobalSection(ProjectConfigurationPlatforms) = postSolution
		{5A5587DA-C7CF-4876-B374-A81557D95A78}.Debug|Any CPU.ActiveCfg = Debug|Any CPU
		{5A5587DA-C7CF-4876-B374-A81557D95A78}.Debug|Any CPU.Build.0 = Debug|Any CPU
		{5A5587DA-C7CF-4876-B374-A81557D95A78}.Release|Any CPU.ActiveCfg = Release|Any CPU
		{5A5587DA-C7CF-4876-B374-A81557D95A78}.Release|Any CPU.Build.0 = Release|Any CPU
	EndGlobalSection
	GlobalSection(SolutionProperties) = preSolution
		HideSolutionNode = FALSE
	EndGlobalSection
	GlobalSection(ExtensibilityGlobals) = postSolution
		SolutionGuid = {0B9B556F-F630-4827-9756-C526A11BA9EC}
	EndGlobalSection
EndGlobal
